
Microsoft Visual Studio Solution File, Format Version 12.00
# Visual Studio Version 17
VisualStudioVersion = 17.5.002.0
MinimumVisualStudioVersion = 10.0.40219.1
Project("{9A19103F-16F7-4668-BE54-9A1E7A4F7556}") = "Plantilla_NetCore6_DB", "Plantilla_NetCore6_DB.csproj", "{BB533852-B909-401A-BA20-1227CD2AD334}"
EndProject
Global
	GlobalSection(SolutionConfigurationPlatforms) = preSolution
		Debug|Any CPU = Debug|Any CPU
		Release|Any CPU = Release|Any CPU
	EndGlobalSection
	GlobalSection(ProjectConfigurationPlatforms) = postSolution
		{BB533852-B909-401A-BA20-1227CD2AD334}.Debug|Any CPU.ActiveCfg = Debug|Any CPU
		{BB533852-B909-401A-BA20-1227CD2AD334}.Debug|Any CPU.Build.0 = Debug|Any CPU
		{BB533852-B909-401A-BA20-1227CD2AD334}.Release|Any CPU.ActiveCfg = Release|Any CPU
		{BB533852-B909-401A-BA20-1227CD2AD334}.Release|Any CPU.Build.0 = Release|Any CPU
	EndGlobalSection
	GlobalSection(SolutionProperties) = preSolution
		HideSolutionNode = FALSE
	EndGlobalSection
	GlobalSection(ExtensibilityGlobals) = postSolution
		SolutionGuid = {49951453-E357-43AD-836E-EE563753A0D3}
	EndGlobalSection
EndGlobal
